{
  "requires": true,
  "lockfileVersion": 1,
  "dependencies": {
    "@types/googlemaps": {
      "version": "3.36.6",
      "resolved": "https://registry.npmjs.org/@types/googlemaps/-/googlemaps-3.36.6.tgz",
      "integrity": "sha512-4SYTU3NDJseXspKFvuD818UH2y2t1ncNtrptYrDombU4lgrFH6ZQsNc+m62H//lRHcLZFYD2kNkgh4bxUic0Bg=="
    }
  }
}
